
Microsoft Visual Studio Solution File, Format Version 12.00
# Visual Studio Version 17
VisualStudioVersion = 17.0.31903.59
MinimumVisualStudioVersion = 10.0.40219.1
Project("{2150E333-8FDC-42A3-9474-1A3956D46DE8}") = "src", "src", "{C5713652-3546-4054-A4FC-7FC64A81AB7E}"
EndProject
Project("{FAE04EC0-301F-11D3-BF4B-00C04F79EFBC}") = "AuctionService", "src\AuctionService\AuctionService.csproj", "{9E30A3B3-6F83-4790-9C5D-1EA0EA0F2AD8}"
EndProject
Project("{FAE04EC0-301F-11D3-BF4B-00C04F79EFBC}") = "SearchService", "src\SearchService\SearchService.csproj", "{68E918A4-A467-438B-AAF1-1FA423E1F6E6}"
EndProject
Project("{FAE04EC0-301F-11D3-BF4B-00C04F79EFBC}") = "Contracts", "src\Contracts\Contracts.csproj", "{BB7EF212-8726-4534-BFFE-5A2EDFF3CDA8}"
EndProject
Project("{FAE04EC0-301F-11D3-BF4B-00C04F79EFBC}") = "IdentityService", "src\IdentityService\IdentityService.csproj", "{4BC94EF7-8964-4916-8CC4-AAD8CFE4DB37}"
EndProject
Project("{FAE04EC0-301F-11D3-BF4B-00C04F79EFBC}") = "GatewayService", "src\GatewayService\GatewayService.csproj", "{02ED4EA6-11CB-46F0-B230-6B3190B41CAA}"
EndProject
Global
	GlobalSection(SolutionConfigurationPlatforms) = preSolution
		Debug|Any CPU = Debug|Any CPU
		Release|Any CPU = Release|Any CPU
	EndGlobalSection
	GlobalSection(SolutionProperties) = preSolution
		HideSolutionNode = FALSE
	EndGlobalSection
	GlobalSection(ProjectConfigurationPlatforms) = postSolution
		{9E30A3B3-6F83-4790-9C5D-1EA0EA0F2AD8}.Debug|Any CPU.ActiveCfg = Debug|Any CPU
		{9E30A3B3-6F83-4790-9C5D-1EA0EA0F2AD8}.Debug|Any CPU.Build.0 = Debug|Any CPU
		{9E30A3B3-6F83-4790-9C5D-1EA0EA0F2AD8}.Release|Any CPU.ActiveCfg = Release|Any CPU
		{9E30A3B3-6F83-4790-9C5D-1EA0EA0F2AD8}.Release|Any CPU.Build.0 = Release|Any CPU
		{68E918A4-A467-438B-AAF1-1FA423E1F6E6}.Debug|Any CPU.ActiveCfg = Debug|Any CPU
		{68E918A4-A467-438B-AAF1-1FA423E1F6E6}.Debug|Any CPU.Build.0 = Debug|Any CPU
		{68E918A4-A467-438B-AAF1-1FA423E1F6E6}.Release|Any CPU.ActiveCfg = Release|Any CPU
		{68E918A4-A467-438B-AAF1-1FA423E1F6E6}.Release|Any CPU.Build.0 = Release|Any CPU
		{BB7EF212-8726-4534-BFFE-5A2EDFF3CDA8}.Debug|Any CPU.ActiveCfg = Debug|Any CPU
		{BB7EF212-8726-4534-BFFE-5A2EDFF3CDA8}.Debug|Any CPU.Build.0 = Debug|Any CPU
		{BB7EF212-8726-4534-BFFE-5A2EDFF3CDA8}.Release|Any CPU.ActiveCfg = Release|Any CPU
		{BB7EF212-8726-4534-BFFE-5A2EDFF3CDA8}.Release|Any CPU.Build.0 = Release|Any CPU
		{4BC94EF7-8964-4916-8CC4-AAD8CFE4DB37}.Debug|Any CPU.ActiveCfg = Debug|Any CPU
		{4BC94EF7-8964-4916-8CC4-AAD8CFE4DB37}.Debug|Any CPU.Build.0 = Debug|Any CPU
		{4BC94EF7-8964-4916-8CC4-AAD8CFE4DB37}.Release|Any CPU.ActiveCfg = Release|Any CPU
		{4BC94EF7-8964-4916-8CC4-AAD8CFE4DB37}.Release|Any CPU.Build.0 = Release|Any CPU
		{02ED4EA6-11CB-46F0-B230-6B3190B41CAA}.Debug|Any CPU.ActiveCfg = Debug|Any CPU
		{02ED4EA6-11CB-46F0-B230-6B3190B41CAA}.Debug|Any CPU.Build.0 = Debug|Any CPU
		{02ED4EA6-11CB-46F0-B230-6B3190B41CAA}.Release|Any CPU.ActiveCfg = Release|Any CPU
		{02ED4EA6-11CB-46F0-B230-6B3190B41CAA}.Release|Any CPU.Build.0 = Release|Any CPU
	EndGlobalSection
	GlobalSection(NestedProjects) = preSolution
		{9E30A3B3-6F83-4790-9C5D-1EA0EA0F2AD8} = {C5713652-3546-4054-A4FC-7FC64A81AB7E}
		{68E918A4-A467-438B-AAF1-1FA423E1F6E6} = {C5713652-3546-4054-A4FC-7FC64A81AB7E}
		{BB7EF212-8726-4534-BFFE-5A2EDFF3CDA8} = {C5713652-3546-4054-A4FC-7FC64A81AB7E}
		{4BC94EF7-8964-4916-8CC4-AAD8CFE4DB37} = {C5713652-3546-4054-A4FC-7FC64A81AB7E}
		{02ED4EA6-11CB-46F0-B230-6B3190B41CAA} = {C5713652-3546-4054-A4FC-7FC64A81AB7E}
	EndGlobalSection
EndGlobal
